
Microsoft Visual Studio Solution File, Format Version 12.00
# Visual Studio Version 17
VisualStudioVersion = 17.14.37710.0 d17.14
MinimumVisualStudioVersion = 10.0.40219.1
Project("{FAE04EC0-301F-11D3-BF4B-00C04F79EFBC}") = "Home assignment", "Home assignment.csproj", "{AB7FA08A-CBA9-4AF4-93F4-DF2BA9DEFB8F}"
EndProject
Global
	GlobalSection(SolutionConfigurationPlatforms) = preSolution
		Debug|Any CPU = Debug|Any CPU
		Release|Any CPU = Release|Any CPU
	EndGlobalSection
	GlobalSection(ProjectConfigurationPlatforms) = postSolution
		{AB7FA08A-CBA9-4AF4-93F4-DF2BA9DEFB8F}.Debug|Any CPU.ActiveCfg = Debug|Any CPU
		{AB7FA08A-CBA9-4AF4-93F4-DF2BA9DEFB8F}.Debug|Any CPU.Build.0 = Debug|Any CPU
		{AB7FA08A-CBA9-4AF4-93F4-DF2BA9DEFB8F}.Release|Any CPU.ActiveCfg = Release|Any CPU
		{AB7FA08A-CBA9-4AF4-93F4-DF2BA9DEFB8F}.Release|Any CPU.Build.0 = Release|Any CPU
	EndGlobalSection
	GlobalSection(SolutionProperties) = preSolution
		HideSolutionNode = FALSE
	EndGlobalSection
	GlobalSection(ExtensibilityGlobals) = postSolution
		SolutionGuid = {68106A96-1A40-4B58-8BB7-C8991F37B9E3}
	EndGlobalSection
EndGlobal
