
Microsoft Visual Studio Solution File, Format Version 12.00
# Visual Studio Version 17
VisualStudioVersion = 17.14.37710.0 d17.14
MinimumVisualStudioVersion = 10.0.40219.1
Project("{FAE04EC0-301F-11D3-BF4B-00C04F79EFBC}") = "Assigment1", "Assigment1.csproj", "{F96A919B-1688-469D-8C99-C5AF88FCC2A5}"
EndProject
Global
	GlobalSection(SolutionConfigurationPlatforms) = preSolution
		Debug|Any CPU = Debug|Any CPU
		Release|Any CPU = Release|Any CPU
	EndGlobalSection
	GlobalSection(ProjectConfigurationPlatforms) = postSolution
		{F96A919B-1688-469D-8C99-C5AF88FCC2A5}.Debug|Any CPU.ActiveCfg = Debug|Any CPU
		{F96A919B-1688-469D-8C99-C5AF88FCC2A5}.Debug|Any CPU.Build.0 = Debug|Any CPU
		{F96A919B-1688-469D-8C99-C5AF88FCC2A5}.Release|Any CPU.ActiveCfg = Release|Any CPU
		{F96A919B-1688-469D-8C99-C5AF88FCC2A5}.Release|Any CPU.Build.0 = Release|Any CPU
	EndGlobalSection
	GlobalSection(SolutionProperties) = preSolution
		HideSolutionNode = FALSE
	EndGlobalSection
	GlobalSection(ExtensibilityGlobals) = postSolution
		SolutionGuid = {6B41F909-FE97-4DA7-9402-B598F16FDFCE}
	EndGlobalSection
EndGlobal
